
Microsoft Visual Studio Solution File, Format Version 12.00
# Visual Studio 2013
VisualStudioVersion = 12.0.40629.0
MinimumVisualStudioVersion = 10.0.40219.1
Project("{FAE04EC0-301F-11D3-BF4B-00C04F79EFBC}") = "DealDouble.Web", "DealDouble.Web\DealDouble.Web.csproj", "{D42426CD-C97F-4FD2-B08F-6E62BA717574}"
EndProject
Project("{FAE04EC0-301F-11D3-BF4B-00C04F79EFBC}") = "DealDouble.Entities", "DealDouble.Entities\DealDouble.Entities.csproj", "{0992D25E-55D9-4068-A321-885DAE9EA28F}"
EndProject
Project("{FAE04EC0-301F-11D3-BF4B-00C04F79EFBC}") = "DealDouble.Data", "DealDouble.Data\DealDouble.Data.csproj", "{0FE81E2D-B375-4E0F-96B4-BC6BEDEB5D21}"
EndProject
Project("{FAE04EC0-301F-11D3-BF4B-00C04F79EFBC}") = "DealDouble.Services", "DealDouble.Services\DealDouble.Services.csproj", "{74FD36DE-3AFF-42A8-918B-54697F65C4B7}"
EndProject
Global
	GlobalSection(SolutionConfigurationPlatforms) = preSolution
		Debug|Any CPU = Debug|Any CPU
		Release|Any CPU = Release|Any CPU
	EndGlobalSection
	GlobalSection(ProjectConfigurationPlatforms) = postSolution
		{D42426CD-C97F-4FD2-B08F-6E62BA717574}.Debug|Any CPU.ActiveCfg = Debug|Any CPU
		{D42426CD-C97F-4FD2-B08F-6E62BA717574}.Debug|Any CPU.Build.0 = Debug|Any CPU
		{D42426CD-C97F-4FD2-B08F-6E62BA717574}.Release|Any CPU.ActiveCfg = Release|Any CPU
		{D42426CD-C97F-4FD2-B08F-6E62BA717574}.Release|Any CPU.Build.0 = Release|Any CPU
		{0992D25E-55D9-4068-A321-885DAE9EA28F}.Debug|Any CPU.ActiveCfg = Debug|Any CPU
		{0992D25E-55D9-4068-A321-885DAE9EA28F}.Debug|Any CPU.Build.0 = Debug|Any CPU
		{0992D25E-55D9-4068-A321-885DAE9EA28F}.Release|Any CPU.ActiveCfg = Release|Any CPU
		{0992D25E-55D9-4068-A321-885DAE9EA28F}.Release|Any CPU.Build.0 = Release|Any CPU
		{0FE81E2D-B375-4E0F-96B4-BC6BEDEB5D21}.Debug|Any CPU.ActiveCfg = Debug|Any CPU
		{0FE81E2D-B375-4E0F-96B4-BC6BEDEB5D21}.Debug|Any CPU.Build.0 = Debug|Any CPU
		{0FE81E2D-B375-4E0F-96B4-BC6BEDEB5D21}.Release|Any CPU.ActiveCfg = Release|Any CPU
		{0FE81E2D-B375-4E0F-96B4-BC6BEDEB5D21}.Release|Any CPU.Build.0 = Release|Any CPU
		{74FD36DE-3AFF-42A8-918B-54697F65C4B7}.Debug|Any CPU.ActiveCfg = Debug|Any CPU
		{74FD36DE-3AFF-42A8-918B-54697F65C4B7}.Debug|Any CPU.Build.0 = Debug|Any CPU
		{74FD36DE-3AFF-42A8-918B-54697F65C4B7}.Release|Any CPU.ActiveCfg = Release|Any CPU
		{74FD36DE-3AFF-42A8-918B-54697F65C4B7}.Release|Any CPU.Build.0 = Release|Any CPU
	EndGlobalSection
	GlobalSection(SolutionProperties) = preSolution
		HideSolutionNode = FALSE
	EndGlobalSection
EndGlobal
